
Microsoft Visual Studio Solution File, Format Version 12.00
# Visual Studio 15
VisualStudioVersion = 15.0.28307.489
MinimumVisualStudioVersion = 10.0.40219.1
Project("{8BC9CEB8-8B4A-11D0-8D11-00A0C91BC942}") = "MAGO_TRAVEL_AGENCY", "MAGO_TRAVEL_AGENCY\MAGO_TRAVEL_AGENCY.vcxproj", "{D727DEC6-AF98-4218-A025-BD4EB10644C6}"
EndProject
Global
	GlobalSection(SolutionConfigurationPlatforms) = preSolution
		Debug|x64 = Debug|x64
		Debug|x86 = Debug|x86
		Release|x64 = Release|x64
		Release|x86 = Release|x86
	EndGlobalSection
	GlobalSection(ProjectConfigurationPlatforms) = postSolution
		{D727DEC6-AF98-4218-A025-BD4EB10644C6}.Debug|x64.ActiveCfg = Debug|x64
		{D727DEC6-AF98-4218-A025-BD4EB10644C6}.Debug|x64.Build.0 = Debug|x64
		{D727DEC6-AF98-4218-A025-BD4EB10644C6}.Debug|x86.ActiveCfg = Debug|Win32
		{D727DEC6-AF98-4218-A025-BD4EB10644C6}.Debug|x86.Build.0 = Debug|Win32
		{D727DEC6-AF98-4218-A025-BD4EB10644C6}.Release|x64.ActiveCfg = Release|x64
		{D727DEC6-AF98-4218-A025-BD4EB10644C6}.Release|x64.Build.0 = Release|x64
		{D727DEC6-AF98-4218-A025-BD4EB10644C6}.Release|x86.ActiveCfg = Release|Win32
		{D727DEC6-AF98-4218-A025-BD4EB10644C6}.Release|x86.Build.0 = Release|Win32
	EndGlobalSection
	GlobalSection(SolutionProperties) = preSolution
		HideSolutionNode = FALSE
	EndGlobalSection
	GlobalSection(ExtensibilityGlobals) = postSolution
		SolutionGuid = {EA027FA6-4D94-4E73-BB92-6086B5AF9068}
	EndGlobalSection
EndGlobal
